
Microsoft Visual Studio Solution File, Format Version 12.00
# Visual Studio 15
VisualStudioVersion = 15.0.28307.438
MinimumVisualStudioVersion = 10.0.40219.1
Project("{FAE04EC0-301F-11D3-BF4B-00C04F79EFBC}") = "OnlyLongTrainsMod", "OnlyLongTrainsMod\OnlyLongTrainsMod.csproj", "{C52F7901-4AE7-4B0A-93D9-D71EF5D9AE96}"
EndProject
Global
	GlobalSection(SolutionConfigurationPlatforms) = preSolution
		Debug|Any CPU = Debug|Any CPU
		Release|Any CPU = Release|Any CPU
	EndGlobalSection
	GlobalSection(ProjectConfigurationPlatforms) = postSolution
		{C52F7901-4AE7-4B0A-93D9-D71EF5D9AE96}.Debug|Any CPU.ActiveCfg = Debug|Any CPU
		{C52F7901-4AE7-4B0A-93D9-D71EF5D9AE96}.Debug|Any CPU.Build.0 = Debug|Any CPU
		{C52F7901-4AE7-4B0A-93D9-D71EF5D9AE96}.Release|Any CPU.ActiveCfg = Release|Any CPU
		{C52F7901-4AE7-4B0A-93D9-D71EF5D9AE96}.Release|Any CPU.Build.0 = Release|Any CPU
	EndGlobalSection
	GlobalSection(SolutionProperties) = preSolution
		HideSolutionNode = FALSE
	EndGlobalSection
	GlobalSection(ExtensibilityGlobals) = postSolution
		SolutionGuid = {0B5B0740-0537-4FFF-8854-9DE20EED070A}
	EndGlobalSection
EndGlobal
